// !$*UTF8*$!
{
	archiveVersion = 1;
	classes = {
	};
	objectVersion = 54;
	objects = {

/* Begin PBXBuildFile section */
		229EC023274E535200D5BF4B /* SearchBarCell.swift in Sources */ = {isa = PBXBuildFile; fileRef = 229EC022274E535200D5BF4B /* SearchBarCell.swift */; };
		7A0F3295271DD70000A789FA /* AppDelegate.swift in Sources */ = {isa = PBXBuildFile; fileRef = 7A0F3294271DD70000A789FA /* AppDelegate.swift */; };
		7A0F3297271DD70000A789FA /* SceneDelegate.swift in Sources */ = {isa = PBXBuildFile; fileRef = 7A0F3296271DD70000A789FA /* SceneDelegate.swift */; };
		7A0F329E271DD70100A789FA /* Assets.xcassets in Resources */ = {isa = PBXBuildFile; fileRef = 7A0F329D271DD70100A789FA /* Assets.xcassets */; };
		7A0F32A1271DD70100A789FA /* LaunchScreen.storyboard in Resources */ = {isa = PBXBuildFile; fileRef = 7A0F329F271DD70100A789FA /* LaunchScreen.storyboard */; };
		7A0F32A9271DF0A100A789FA /* RoundedButton.swift in Sources */ = {isa = PBXBuildFile; fileRef = 7A0F32A8271DF0A100A789FA /* RoundedButton.swift */; };
		7A2584A327442E0800B5983E /* StegoHeaderCell.swift in Sources */ = {isa = PBXBuildFile; fileRef = 7A2584A227442E0800B5983E /* StegoHeaderCell.swift */; };
		7A6AF54F27304FC20061E3E4 /* DisguisedSwiftly in Frameworks */ = {isa = PBXBuildFile; productRef = 7A6AF54E27304FC20061E3E4 /* DisguisedSwiftly */; };
		7A6AF552273118E40061E3E4 /* UIView.swift in Sources */ = {isa = PBXBuildFile; fileRef = 7A6AF551273118E40061E3E4 /* UIView.swift */; };
		7A6AF5852734548E0061E3E4 /* SteganographyViewController.swift in Sources */ = {isa = PBXBuildFile; fileRef = 7A6AF5842734548E0061E3E4 /* SteganographyViewController.swift */; };
		7A6AF589273454AC0061E3E4 /* EncodingPresenter.swift in Sources */ = {isa = PBXBuildFile; fileRef = 7A6AF588273454AC0061E3E4 /* EncodingPresenter.swift */; };
		7A6AF58D273454C00061E3E4 /* DashboardRouter.swift in Sources */ = {isa = PBXBuildFile; fileRef = 7A6AF58C273454C00061E3E4 /* DashboardRouter.swift */; };
		7A6E164F2737CF92004B374D /* UIViewController.swift in Sources */ = {isa = PBXBuildFile; fileRef = 7A6E164E2737CF92004B374D /* UIViewController.swift */; };
		7A9C319A276290300000BBE7 /* BaseViewController.swift in Sources */ = {isa = PBXBuildFile; fileRef = 7A9C3198276290300000BBE7 /* BaseViewController.swift */; };
		7A9C319E2762926A0000BBE7 /* UIColor.swift in Sources */ = {isa = PBXBuildFile; fileRef = 7A9C319D2762926A0000BBE7 /* UIColor.swift */; };
		7A9C31A02762926F0000BBE7 /* NSMutableAttributedString.swift in Sources */ = {isa = PBXBuildFile; fileRef = 7A9C319F2762926F0000BBE7 /* NSMutableAttributedString.swift */; };
		7AD3627D2746C736008E2F8A /* CardsRowCell.swift in Sources */ = {isa = PBXBuildFile; fileRef = 7AD3627C2746C736008E2F8A /* CardsRowCell.swift */; };
		7AD362802746D300008E2F8A /* CardCell.swift in Sources */ = {isa = PBXBuildFile; fileRef = 7AD3627F2746D300008E2F8A /* CardCell.swift */; };
		7AD362AD274D7BC0008E2F8A /* DecodingViewController.swift in Sources */ = {isa = PBXBuildFile; fileRef = 7AD362AC274D7BC0008E2F8A /* DecodingViewController.swift */; };
		7AD362AF274D7BC5008E2F8A /* EncodingViewController.swift in Sources */ = {isa = PBXBuildFile; fileRef = 7AD362AE274D7BC5008E2F8A /* EncodingViewController.swift */; };
		7AD362B1274D7BC9008E2F8A /* SteganographyHistoryViewController.swift in Sources */ = {isa = PBXBuildFile; fileRef = 7AD362B0274D7BC9008E2F8A /* SteganographyHistoryViewController.swift */; };
		7AD362B3274D7BCF008E2F8A /* SteganographyInfoViewController.swift in Sources */ = {isa = PBXBuildFile; fileRef = 7AD362B2274D7BCF008E2F8A /* SteganographyInfoViewController.swift */; };
		7AD362B5274D7BF4008E2F8A /* DashboardViewController.swift in Sources */ = {isa = PBXBuildFile; fileRef = 7AD362B4274D7BF4008E2F8A /* DashboardViewController.swift */; };
		7AD362B7274D7BFF008E2F8A /* EncodingInteractor.swift in Sources */ = {isa = PBXBuildFile; fileRef = 7AD362B6274D7BFF008E2F8A /* EncodingInteractor.swift */; };
		7AD362C0274D81E9008E2F8A /* DashboardPresenter.swift in Sources */ = {isa = PBXBuildFile; fileRef = 7AD362BF274D81E9008E2F8A /* DashboardPresenter.swift */; };
		7AD362C2274D81F6008E2F8A /* DashboardInteractor.swift in Sources */ = {isa = PBXBuildFile; fileRef = 7AD362C1274D81F6008E2F8A /* DashboardInteractor.swift */; };
		7AD362C4274D85D8008E2F8A /* EncodingRouter.swift in Sources */ = {isa = PBXBuildFile; fileRef = 7AD362C3274D85D8008E2F8A /* EncodingRouter.swift */; };
		7AD362C6274D89CB008E2F8A /* DecodingInteractor.swift in Sources */ = {isa = PBXBuildFile; fileRef = 7AD362C5274D89CB008E2F8A /* DecodingInteractor.swift */; };
		7AD362C8274D89D5008E2F8A /* DecodingPresenter.swift in Sources */ = {isa = PBXBuildFile; fileRef = 7AD362C7274D89D5008E2F8A /* DecodingPresenter.swift */; };
		7AD362CA274D89EC008E2F8A /* DecodingRouter.swift in Sources */ = {isa = PBXBuildFile; fileRef = 7AD362C9274D89EC008E2F8A /* DecodingRouter.swift */; };
		7AD362FC27526B2B008E2F8A /* RoundedButtonPickerCell.swift in Sources */ = {isa = PBXBuildFile; fileRef = 7AD362FB27526B2B008E2F8A /* RoundedButtonPickerCell.swift */; };
		7AD362FE27528489008E2F8A /* MessageTextFieldCell.swift in Sources */ = {isa = PBXBuildFile; fileRef = 7AD362FD27528489008E2F8A /* MessageTextFieldCell.swift */; };
		7AD3630327528B51008E2F8A /* RoundedButtonCell.swift in Sources */ = {isa = PBXBuildFile; fileRef = 7AD3630227528B51008E2F8A /* RoundedButtonCell.swift */; };
		7AD363052753A976008E2F8A /* BottomPickerViewController.swift in Sources */ = {isa = PBXBuildFile; fileRef = 7AD363042753A976008E2F8A /* BottomPickerViewController.swift */; };
		7AD363072753B1D4008E2F8A /* CardView.swift in Sources */ = {isa = PBXBuildFile; fileRef = 7AD363062753B1D4008E2F8A /* CardView.swift */; };
		7AD3630A27627896008E2F8A /* IteoLogger in Frameworks */ = {isa = PBXBuildFile; productRef = 7AD3630927627896008E2F8A /* IteoLogger */; };
		7AD3632F27628074008E2F8A /* BasePresentable.swift in Sources */ = {isa = PBXBuildFile; fileRef = 7AD3632E27628074008E2F8A /* BasePresentable.swift */; };
		7AD36331276280FC008E2F8A /* BasePresenter.swift in Sources */ = {isa = PBXBuildFile; fileRef = 7AD36330276280FC008E2F8A /* BasePresenter.swift */; };
		7AD3634827628C13008E2F8A /* Logger.swift in Sources */ = {isa = PBXBuildFile; fileRef = 7AD3634727628C13008E2F8A /* Logger.swift */; };
/* End PBXBuildFile section */

/* Begin PBXFileReference section */
		229EC022274E535200D5BF4B /* SearchBarCell.swift */ = {isa = PBXFileReference; lastKnownFileType = sourcecode.swift; path = SearchBarCell.swift; sourceTree = "<group>"; };
		7A0F3291271DD70000A789FA /* Steganographer.app */ = {isa = PBXFileReference; explicitFileType = wrapper.application; includeInIndex = 0; path = Steganographer.app; sourceTree = BUILT_PRODUCTS_DIR; };
		7A0F3294271DD70000A789FA /* AppDelegate.swift */ = {isa = PBXFileReference; lastKnownFileType = sourcecode.swift; path = AppDelegate.swift; sourceTree = "<group>"; };
		7A0F3296271DD70000A789FA /* SceneDelegate.swift */ = {isa = PBXFileReference; lastKnownFileType = sourcecode.swift; path = SceneDelegate.swift; sourceTree = "<group>"; };
		7A0F329D271DD70100A789FA /* Assets.xcassets */ = {isa = PBXFileReference; lastKnownFileType = folder.assetcatalog; path = Assets.xcassets; sourceTree = "<group>"; };
		7A0F32A0271DD70100A789FA /* Base */ = {isa = PBXFileReference; lastKnownFileType = file.storyboard; name = Base; path = Base.lproj/LaunchScreen.storyboard; sourceTree = "<group>"; };
		7A0F32A2271DD70100A789FA /* Info.plist */ = {isa = PBXFileReference; lastKnownFileType = text.plist.xml; path = Info.plist; sourceTree = "<group>"; };
		7A0F32A8271DF0A100A789FA /* RoundedButton.swift */ = {isa = PBXFileReference; lastKnownFileType = sourcecode.swift; path = RoundedButton.swift; sourceTree = "<group>"; };
		7A2584A227442E0800B5983E /* StegoHeaderCell.swift */ = {isa = PBXFileReference; lastKnownFileType = sourcecode.swift; path = StegoHeaderCell.swift; sourceTree = "<group>"; };
		7A6AF551273118E40061E3E4 /* UIView.swift */ = {isa = PBXFileReference; lastKnownFileType = sourcecode.swift; path = UIView.swift; sourceTree = "<group>"; };
		7A6AF5842734548E0061E3E4 /* SteganographyViewController.swift */ = {isa = PBXFileReference; lastKnownFileType = sourcecode.swift; path = SteganographyViewController.swift; sourceTree = "<group>"; };
		7A6AF588273454AC0061E3E4 /* EncodingPresenter.swift */ = {isa = PBXFileReference; lastKnownFileType = sourcecode.swift; path = EncodingPresenter.swift; sourceTree = "<group>"; };
		7A6AF58C273454C00061E3E4 /* DashboardRouter.swift */ = {isa = PBXFileReference; lastKnownFileType = sourcecode.swift; path = DashboardRouter.swift; sourceTree = "<group>"; };
		7A6E164E2737CF92004B374D /* UIViewController.swift */ = {isa = PBXFileReference; lastKnownFileType = sourcecode.swift; path = UIViewController.swift; sourceTree = "<group>"; };
		7A9C3198276290300000BBE7 /* BaseViewController.swift */ = {isa = PBXFileReference; lastKnownFileType = sourcecode.swift; path = BaseViewController.swift; sourceTree = "<group>"; };
		7A9C319D2762926A0000BBE7 /* UIColor.swift */ = {isa = PBXFileReference; fileEncoding = 4; lastKnownFileType = sourcecode.swift; path = UIColor.swift; sourceTree = "<group>"; };
		7A9C319F2762926F0000BBE7 /* NSMutableAttributedString.swift */ = {isa = PBXFileReference; fileEncoding = 4; lastKnownFileType = sourcecode.swift; path = NSMutableAttributedString.swift; sourceTree = "<group>"; };
		7AD3627C2746C736008E2F8A /* CardsRowCell.swift */ = {isa = PBXFileReference; lastKnownFileType = sourcecode.swift; path = CardsRowCell.swift; sourceTree = "<group>"; };
		7AD3627F2746D300008E2F8A /* CardCell.swift */ = {isa = PBXFileReference; lastKnownFileType = sourcecode.swift; path = CardCell.swift; sourceTree = "<group>"; };
		7AD362AC274D7BC0008E2F8A /* DecodingViewController.swift */ = {isa = PBXFileReference; fileEncoding = 4; lastKnownFileType = sourcecode.swift; path = DecodingViewController.swift; sourceTree = "<group>"; };
		7AD362AE274D7BC5008E2F8A /* EncodingViewController.swift */ = {isa = PBXFileReference; fileEncoding = 4; lastKnownFileType = sourcecode.swift; path = EncodingViewController.swift; sourceTree = "<group>"; };
		7AD362B0274D7BC9008E2F8A /* SteganographyHistoryViewController.swift */ = {isa = PBXFileReference; fileEncoding = 4; lastKnownFileType = sourcecode.swift; path = SteganographyHistoryViewController.swift; sourceTree = "<group>"; };
		7AD362B2274D7BCF008E2F8A /* SteganographyInfoViewController.swift */ = {isa = PBXFileReference; fileEncoding = 4; lastKnownFileType = sourcecode.swift; path = SteganographyInfoViewController.swift; sourceTree = "<group>"; };
		7AD362B4274D7BF4008E2F8A /* DashboardViewController.swift */ = {isa = PBXFileReference; fileEncoding = 4; lastKnownFileType = sourcecode.swift; path = DashboardViewController.swift; sourceTree = "<group>"; };
		7AD362B6274D7BFF008E2F8A /* EncodingInteractor.swift */ = {isa = PBXFileReference; fileEncoding = 4; lastKnownFileType = sourcecode.swift; path = EncodingInteractor.swift; sourceTree = "<group>"; };
		7AD362BF274D81E9008E2F8A /* DashboardPresenter.swift */ = {isa = PBXFileReference; lastKnownFileType = sourcecode.swift; path = DashboardPresenter.swift; sourceTree = "<group>"; };
		7AD362C1274D81F6008E2F8A /* DashboardInteractor.swift */ = {isa = PBXFileReference; lastKnownFileType = sourcecode.swift; path = DashboardInteractor.swift; sourceTree = "<group>"; };
		7AD362C3274D85D8008E2F8A /* EncodingRouter.swift */ = {isa = PBXFileReference; lastKnownFileType = sourcecode.swift; path = EncodingRouter.swift; sourceTree = "<group>"; };
		7AD362C5274D89CB008E2F8A /* DecodingInteractor.swift */ = {isa = PBXFileReference; lastKnownFileType = sourcecode.swift; path = DecodingInteractor.swift; sourceTree = "<group>"; };
		7AD362C7274D89D5008E2F8A /* DecodingPresenter.swift */ = {isa = PBXFileReference; lastKnownFileType = sourcecode.swift; path = DecodingPresenter.swift; sourceTree = "<group>"; };
		7AD362C9274D89EC008E2F8A /* DecodingRouter.swift */ = {isa = PBXFileReference; lastKnownFileType = sourcecode.swift; path = DecodingRouter.swift; sourceTree = "<group>"; };
		7AD362FB27526B2B008E2F8A /* RoundedButtonPickerCell.swift */ = {isa = PBXFileReference; lastKnownFileType = sourcecode.swift; path = RoundedButtonPickerCell.swift; sourceTree = "<group>"; };
		7AD362FD27528489008E2F8A /* MessageTextFieldCell.swift */ = {isa = PBXFileReference; lastKnownFileType = sourcecode.swift; path = MessageTextFieldCell.swift; sourceTree = "<group>"; };
		7AD3630227528B51008E2F8A /* RoundedButtonCell.swift */ = {isa = PBXFileReference; lastKnownFileType = sourcecode.swift; path = RoundedButtonCell.swift; sourceTree = "<group>"; };
		7AD363042753A976008E2F8A /* BottomPickerViewController.swift */ = {isa = PBXFileReference; lastKnownFileType = sourcecode.swift; path = BottomPickerViewController.swift; sourceTree = "<group>"; };
		7AD363062753B1D4008E2F8A /* CardView.swift */ = {isa = PBXFileReference; lastKnownFileType = sourcecode.swift; path = CardView.swift; sourceTree = "<group>"; };
		7AD3632E27628074008E2F8A /* BasePresentable.swift */ = {isa = PBXFileReference; lastKnownFileType = sourcecode.swift; path = BasePresentable.swift; sourceTree = "<group>"; };
		7AD36330276280FC008E2F8A /* BasePresenter.swift */ = {isa = PBXFileReference; lastKnownFileType = sourcecode.swift; path = BasePresenter.swift; sourceTree = "<group>"; };
		7AD3634727628C13008E2F8A /* Logger.swift */ = {isa = PBXFileReference; lastKnownFileType = sourcecode.swift; path = Logger.swift; sourceTree = "<group>"; };
/* End PBXFileReference section */

/* Begin PBXFrameworksBuildPhase section */
		7A0F328E271DD70000A789FA /* Frameworks */ = {
			isa = PBXFrameworksBuildPhase;
			buildActionMask = 2147483647;
			files = (
				7A6AF54F27304FC20061E3E4 /* DisguisedSwiftly in Frameworks */,
				7AD3630A27627896008E2F8A /* IteoLogger in Frameworks */,
			);
			runOnlyForDeploymentPostprocessing = 0;
		};
/* End PBXFrameworksBuildPhase section */

/* Begin PBXGroup section */
		7A0F3288271DD70000A789FA = {
			isa = PBXGroup;
			children = (
				7A0F3293271DD70000A789FA /* Steganographer */,
				7A0F3292271DD70000A789FA /* Products */,
			);
			sourceTree = "<group>";
		};
		7A0F3292271DD70000A789FA /* Products */ = {
			isa = PBXGroup;
			children = (
				7A0F3291271DD70000A789FA /* Steganographer.app */,
			);
			name = Products;
			sourceTree = "<group>";
		};
		7A0F3293271DD70000A789FA /* Steganographer */ = {
			isa = PBXGroup;
			children = (
				7AD3634627628BEA008E2F8A /* Helpers */,
				7A6AF582273454470061E3E4 /* Modules */,
				7AF3044227280ADE005A5F09 /* Components */,
				7A0F3294271DD70000A789FA /* AppDelegate.swift */,
				7A0F3296271DD70000A789FA /* SceneDelegate.swift */,
				7A0F329D271DD70100A789FA /* Assets.xcassets */,
				7A0F329F271DD70100A789FA /* LaunchScreen.storyboard */,
				7A0F32A2271DD70100A789FA /* Info.plist */,
			);
			path = Steganographer;
			sourceTree = "<group>";
		};
		7A25849C27442D9700B5983E /* View */ = {
			isa = PBXGroup;
			children = (
				7AD362B2274D7BCF008E2F8A /* SteganographyInfoViewController.swift */,
				7AD362B0274D7BC9008E2F8A /* SteganographyHistoryViewController.swift */,
				7A6AF5842734548E0061E3E4 /* SteganographyViewController.swift */,
			);
			path = View;
			sourceTree = "<group>";
		};
		7A2584A127442DD000B5983E /* Cells */ = {
			isa = PBXGroup;
			children = (
				7A2584A227442E0800B5983E /* StegoHeaderCell.swift */,
				7AD3627C2746C736008E2F8A /* CardsRowCell.swift */,
				7AD3627F2746D300008E2F8A /* CardCell.swift */,
				229EC022274E535200D5BF4B /* SearchBarCell.swift */,
				7AD362FB27526B2B008E2F8A /* RoundedButtonPickerCell.swift */,
				7AD362FD27528489008E2F8A /* MessageTextFieldCell.swift */,
				7AD3630227528B51008E2F8A /* RoundedButtonCell.swift */,
			);
			path = Cells;
			sourceTree = "<group>";
		};
		7A6AF582273454470061E3E4 /* Modules */ = {
			isa = PBXGroup;
			children = (
				7A6AF5832734544E0061E3E4 /* Steganography */,
			);
			path = Modules;
			sourceTree = "<group>";
		};
		7A6AF5832734544E0061E3E4 /* Steganography */ = {
			isa = PBXGroup;
			children = (
				7AD362BE274D815B008E2F8A /* Decoding */,
				7AD362BD274D8156008E2F8A /* Encoding */,
				7AD362BC274D812E008E2F8A /* Dashboard */,
				7A25849C27442D9700B5983E /* View */,
			);
			path = Steganography;
			sourceTree = "<group>";
		};
		7AD362BC274D812E008E2F8A /* Dashboard */ = {
			isa = PBXGroup;
			children = (
				7AD362B4274D7BF4008E2F8A /* DashboardViewController.swift */,
				7AD362C1274D81F6008E2F8A /* DashboardInteractor.swift */,
				7AD362BF274D81E9008E2F8A /* DashboardPresenter.swift */,
				7A6AF58C273454C00061E3E4 /* DashboardRouter.swift */,
			);
			path = Dashboard;
			sourceTree = "<group>";
		};
		7AD362BD274D8156008E2F8A /* Encoding */ = {
			isa = PBXGroup;
			children = (
				7AD362AE274D7BC5008E2F8A /* EncodingViewController.swift */,
				7AD362B6274D7BFF008E2F8A /* EncodingInteractor.swift */,
				7A6AF588273454AC0061E3E4 /* EncodingPresenter.swift */,
				7AD362C3274D85D8008E2F8A /* EncodingRouter.swift */,
			);
			path = Encoding;
			sourceTree = "<group>";
		};
		7AD362BE274D815B008E2F8A /* Decoding */ = {
			isa = PBXGroup;
			children = (
				7AD362AC274D7BC0008E2F8A /* DecodingViewController.swift */,
				7AD362C5274D89CB008E2F8A /* DecodingInteractor.swift */,
				7AD362C7274D89D5008E2F8A /* DecodingPresenter.swift */,
				7AD362C9274D89EC008E2F8A /* DecodingRouter.swift */,
			);
			path = Decoding;
			sourceTree = "<group>";
		};
		7AD3634627628BEA008E2F8A /* Helpers */ = {
			isa = PBXGroup;
			children = (
				7A9C319D2762926A0000BBE7 /* UIColor.swift */,
				7AD3632E27628074008E2F8A /* BasePresentable.swift */,
				7AD36330276280FC008E2F8A /* BasePresenter.swift */,
				7A9C319F2762926F0000BBE7 /* NSMutableAttributedString.swift */,
				7A6AF551273118E40061E3E4 /* UIView.swift */,
				7A6E164E2737CF92004B374D /* UIViewController.swift */,
				7AD3634727628C13008E2F8A /* Logger.swift */,
				7A9C3198276290300000BBE7 /* BaseViewController.swift */,
			);
			path = Helpers;
			sourceTree = "<group>";
		};
		7AF3044227280ADE005A5F09 /* Components */ = {
			isa = PBXGroup;
			children = (
				7AF3044E272A7434005A5F09 /* Views */,
			);
			path = Components;
			sourceTree = "<group>";
		};
		7AF3044E272A7434005A5F09 /* Views */ = {
			isa = PBXGroup;
			children = (
				7A2584A127442DD000B5983E /* Cells */,
				7AF3044F272A743F005A5F09 /* Buttons */,
				7AD363042753A976008E2F8A /* BottomPickerViewController.swift */,
				7AD363062753B1D4008E2F8A /* CardView.swift */,
			);
			path = Views;
			sourceTree = "<group>";
		};
		7AF3044F272A743F005A5F09 /* Buttons */ = {
			isa = PBXGroup;
			children = (
				7A0F32A8271DF0A100A789FA /* RoundedButton.swift */,
			);
			path = Buttons;
			sourceTree = "<group>";
		};
/* End PBXGroup section */

/* Begin PBXNativeTarget section */
		7A0F3290271DD70000A789FA /* Steganographer */ = {
			isa = PBXNativeTarget;
			buildConfigurationList = 7A0F32A5271DD70100A789FA /* Build configuration list for PBXNativeTarget "Steganographer" */;
			buildPhases = (
				7A0F328D271DD70000A789FA /* Sources */,
				7A0F328E271DD70000A789FA /* Frameworks */,
				7A0F328F271DD70000A789FA /* Resources */,
				7AF3044327280C97005A5F09 /* Run Swiftlint */,
			);
			buildRules = (
			);
			dependencies = (
			);
			name = Steganographer;
			packageProductDependencies = (
				7A6AF54E27304FC20061E3E4 /* DisguisedSwiftly */,
				7AD3630927627896008E2F8A /* IteoLogger */,
			);
			productName = Steganographer;
			productReference = 7A0F3291271DD70000A789FA /* Steganographer.app */;
			productType = "com.apple.product-type.application";
		};
/* End PBXNativeTarget section */

/* Begin PBXProject section */
		7A0F3289271DD70000A789FA /* Project object */ = {
			isa = PBXProject;
			attributes = {
				BuildIndependentTargetsInParallel = 1;
				LastSwiftUpdateCheck = 1300;
				LastUpgradeCheck = 1300;
				TargetAttributes = {
					7A0F3290271DD70000A789FA = {
						CreatedOnToolsVersion = 13.0;
					};
				};
			};
			buildConfigurationList = 7A0F328C271DD70000A789FA /* Build configuration list for PBXProject "Steganographer" */;
			compatibilityVersion = "Xcode 12.0";
			developmentRegion = en;
			hasScannedForEncodings = 0;
			knownRegions = (
				en,
				Base,
			);
			mainGroup = 7A0F3288271DD70000A789FA;
			packageReferences = (
				7A6AF54D27304FC20061E3E4 /* XCRemoteSwiftPackageReference "DisguisedSwiftly" */,
				7AD3630827627896008E2F8A /* XCRemoteSwiftPackageReference "IteoLogger" */,
			);
			productRefGroup = 7A0F3292271DD70000A789FA /* Products */;
			projectDirPath = "";
			projectRoot = "";
			targets = (
				7A0F3290271DD70000A789FA /* Steganographer */,
			);
		};
/* End PBXProject section */

/* Begin PBXResourcesBuildPhase section */
		7A0F328F271DD70000A789FA /* Resources */ = {
			isa = PBXResourcesBuildPhase;
			buildActionMask = 2147483647;
			files = (
				7A0F32A1271DD70100A789FA /* LaunchScreen.storyboard in Resources */,
				7A0F329E271DD70100A789FA /* Assets.xcassets in Resources */,
			);
			runOnlyForDeploymentPostprocessing = 0;
		};
/* End PBXResourcesBuildPhase section */

/* Begin PBXShellScriptBuildPhase section */
		7AF3044327280C97005A5F09 /* Run Swiftlint */ = {
			isa = PBXShellScriptBuildPhase;
			buildActionMask = 2147483647;
			files = (
			);
			inputFileListPaths = (
			);
			inputPaths = (
			);
			name = "Run Swiftlint";
			outputFileListPaths = (
			);
			outputPaths = (
			);
			runOnlyForDeploymentPostprocessing = 0;
			shellPath = /bin/sh;
			shellScript = "if test -d \"/opt/homebrew/bin/\"; then\n  PATH=\"/opt/homebrew/bin/:${PATH}\"\nfi\n\nexport PATH\n\nif which swiftlint >/dev/null; then\n  swiftlint autocorrect && swiftlint\nelse\n  echo \"warning: SwiftLint not installed, download from https://github.com/realm/SwiftLint\"\nfi\n";
		};
/* End PBXShellScriptBuildPhase section */

/* Begin PBXSourcesBuildPhase section */
		7A0F328D271DD70000A789FA /* Sources */ = {
			isa = PBXSourcesBuildPhase;
			buildActionMask = 2147483647;
			files = (
				7AD36331276280FC008E2F8A /* BasePresenter.swift in Sources */,
				7A6AF552273118E40061E3E4 /* UIView.swift in Sources */,
				7AD362C4274D85D8008E2F8A /* EncodingRouter.swift in Sources */,
				7AD362B1274D7BC9008E2F8A /* SteganographyHistoryViewController.swift in Sources */,
				7A0F3295271DD70000A789FA /* AppDelegate.swift in Sources */,
				7A6AF58D273454C00061E3E4 /* DashboardRouter.swift in Sources */,
				7AD362AF274D7BC5008E2F8A /* EncodingViewController.swift in Sources */,
				7A6E164F2737CF92004B374D /* UIViewController.swift in Sources */,
				7A9C31A02762926F0000BBE7 /* NSMutableAttributedString.swift in Sources */,
				7AD362FE27528489008E2F8A /* MessageTextFieldCell.swift in Sources */,
				7AD362C8274D89D5008E2F8A /* DecodingPresenter.swift in Sources */,
				7AD363072753B1D4008E2F8A /* CardView.swift in Sources */,
				7A6AF589273454AC0061E3E4 /* EncodingPresenter.swift in Sources */,
				7AD362B5274D7BF4008E2F8A /* DashboardViewController.swift in Sources */,
				7AD362802746D300008E2F8A /* CardCell.swift in Sources */,
				7AD362AD274D7BC0008E2F8A /* DecodingViewController.swift in Sources */,
				7A9C319A276290300000BBE7 /* BaseViewController.swift in Sources */,
				7A6AF589273454AC0061E3E4 /* EncodingPresenter.swift in Sources */,
				7AD3632F27628074008E2F8A /* BasePresentable.swift in Sources */,
				7AD3634827628C13008E2F8A /* Logger.swift in Sources */,
				7A6AF5852734548E0061E3E4 /* SteganographyViewController.swift in Sources */,
				229EC023274E535200D5BF4B /* SearchBarCell.swift in Sources */,
				7AD362FC27526B2B008E2F8A /* RoundedButtonPickerCell.swift in Sources */,
				7AD362C0274D81E9008E2F8A /* DashboardPresenter.swift in Sources */,
				7AD3630327528B51008E2F8A /* RoundedButtonCell.swift in Sources */,
				7A0F3297271DD70000A789FA /* SceneDelegate.swift in Sources */,
				7A2584A327442E0800B5983E /* StegoHeaderCell.swift in Sources */,
				7AD363052753A976008E2F8A /* BottomPickerViewController.swift in Sources */,
				7AD3627D2746C736008E2F8A /* CardsRowCell.swift in Sources */,
				7AD362C2274D81F6008E2F8A /* DashboardInteractor.swift in Sources */,
				7A9C319E2762926A0000BBE7 /* UIColor.swift in Sources */,
				7AD362CA274D89EC008E2F8A /* DecodingRouter.swift in Sources */,
				7A0F32A9271DF0A100A789FA /* RoundedButton.swift in Sources */,
				7AD362B3274D7BCF008E2F8A /* SteganographyInfoViewController.swift in Sources */,
				7AD362B7274D7BFF008E2F8A /* EncodingInteractor.swift in Sources */,
				7AD362C6274D89CB008E2F8A /* DecodingInteractor.swift in Sources */,
			);
			runOnlyForDeploymentPostprocessing = 0;
		};
/* End PBXSourcesBuildPhase section */

/* Begin PBXVariantGroup section */
		7A0F329F271DD70100A789FA /* LaunchScreen.storyboard */ = {
			isa = PBXVariantGroup;
			children = (
				7A0F32A0271DD70100A789FA /* Base */,
			);
			name = LaunchScreen.storyboard;
			sourceTree = "<group>";
		};
/* End PBXVariantGroup section */

/* Begin XCBuildConfiguration section */
		7A0F32A3271DD70100A789FA /* Debug */ = {
			isa = XCBuildConfiguration;
			buildSettings = {
				ALWAYS_SEARCH_USER_PATHS = NO;
				CLANG_ANALYZER_LOCALIZABILITY_NONLOCALIZED = YES;
				CLANG_ANALYZER_NONNULL = YES;
				CLANG_ANALYZER_NUMBER_OBJECT_CONVERSION = YES_AGGRESSIVE;
				CLANG_CXX_LANGUAGE_STANDARD = "gnu++17";
				CLANG_CXX_LIBRARY = "libc++";
				CLANG_ENABLE_MODULES = YES;
				CLANG_ENABLE_OBJC_ARC = YES;
				CLANG_ENABLE_OBJC_WEAK = YES;
				CLANG_WARN_BLOCK_CAPTURE_AUTORELEASING = YES;
				CLANG_WARN_BOOL_CONVERSION = YES;
				CLANG_WARN_COMMA = YES;
				CLANG_WARN_CONSTANT_CONVERSION = YES;
				CLANG_WARN_DEPRECATED_OBJC_IMPLEMENTATIONS = YES;
				CLANG_WARN_DIRECT_OBJC_ISA_USAGE = YES_ERROR;
				CLANG_WARN_DOCUMENTATION_COMMENTS = YES;
				CLANG_WARN_EMPTY_BODY = YES;
				CLANG_WARN_ENUM_CONVERSION = YES;
				CLANG_WARN_INFINITE_RECURSION = YES;
				CLANG_WARN_INT_CONVERSION = YES;
				CLANG_WARN_NON_LITERAL_NULL_CONVERSION = YES;
				CLANG_WARN_OBJC_IMPLICIT_RETAIN_SELF = YES;
				CLANG_WARN_OBJC_LITERAL_CONVERSION = YES;
				CLANG_WARN_OBJC_ROOT_CLASS = YES_ERROR;
				CLANG_WARN_QUOTED_INCLUDE_IN_FRAMEWORK_HEADER = YES;
				CLANG_WARN_RANGE_LOOP_ANALYSIS = YES;
				CLANG_WARN_STRICT_PROTOTYPES = YES;
				CLANG_WARN_SUSPICIOUS_MOVE = YES;
				CLANG_WARN_UNGUARDED_AVAILABILITY = YES_AGGRESSIVE;
				CLANG_WARN_UNREACHABLE_CODE = YES;
				CLANG_WARN__DUPLICATE_METHOD_MATCH = YES;
				COPY_PHASE_STRIP = NO;
				DEBUG_INFORMATION_FORMAT = dwarf;
				ENABLE_STRICT_OBJC_MSGSEND = YES;
				ENABLE_TESTABILITY = YES;
				GCC_C_LANGUAGE_STANDARD = gnu11;
				GCC_DYNAMIC_NO_PIC = NO;
				GCC_NO_COMMON_BLOCKS = YES;
				GCC_OPTIMIZATION_LEVEL = 0;
				GCC_PREPROCESSOR_DEFINITIONS = (
					"DEBUG=1",
					"$(inherited)",
				);
				GCC_WARN_64_TO_32_BIT_CONVERSION = YES;
				GCC_WARN_ABOUT_RETURN_TYPE = YES_ERROR;
				GCC_WARN_UNDECLARED_SELECTOR = YES;
				GCC_WARN_UNINITIALIZED_AUTOS = YES_AGGRESSIVE;
				GCC_WARN_UNUSED_FUNCTION = YES;
				GCC_WARN_UNUSED_VARIABLE = YES;
				IPHONEOS_DEPLOYMENT_TARGET = 15.0;
				MTL_ENABLE_DEBUG_INFO = INCLUDE_SOURCE;
				MTL_FAST_MATH = YES;
				ONLY_ACTIVE_ARCH = YES;
				SDKROOT = iphoneos;
				SWIFT_ACTIVE_COMPILATION_CONDITIONS = DEBUG;
				SWIFT_OPTIMIZATION_LEVEL = "-Onone";
			};
			name = Debug;
		};
		7A0F32A4271DD70100A789FA /* Release */ = {
			isa = XCBuildConfiguration;
			buildSettings = {
				ALWAYS_SEARCH_USER_PATHS = NO;
				CLANG_ANALYZER_LOCALIZABILITY_NONLOCALIZED = YES;
				CLANG_ANALYZER_NONNULL = YES;
				CLANG_ANALYZER_NUMBER_OBJECT_CONVERSION = YES_AGGRESSIVE;
				CLANG_CXX_LANGUAGE_STANDARD = "gnu++17";
				CLANG_CXX_LIBRARY = "libc++";
				CLANG_ENABLE_MODULES = YES;
				CLANG_ENABLE_OBJC_ARC = YES;
				CLANG_ENABLE_OBJC_WEAK = YES;
				CLANG_WARN_BLOCK_CAPTURE_AUTORELEASING = YES;
				CLANG_WARN_BOOL_CONVERSION = YES;
				CLANG_WARN_COMMA = YES;
				CLANG_WARN_CONSTANT_CONVERSION = YES;
				CLANG_WARN_DEPRECATED_OBJC_IMPLEMENTATIONS = YES;
				CLANG_WARN_DIRECT_OBJC_ISA_USAGE = YES_ERROR;
				CLANG_WARN_DOCUMENTATION_COMMENTS = YES;
				CLANG_WARN_EMPTY_BODY = YES;
				CLANG_WARN_ENUM_CONVERSION = YES;
				CLANG_WARN_INFINITE_RECURSION = YES;
				CLANG_WARN_INT_CONVERSION = YES;
				CLANG_WARN_NON_LITERAL_NULL_CONVERSION = YES;
				CLANG_WARN_OBJC_IMPLICIT_RETAIN_SELF = YES;
				CLANG_WARN_OBJC_LITERAL_CONVERSION = YES;
				CLANG_WARN_OBJC_ROOT_CLASS = YES_ERROR;
				CLANG_WARN_QUOTED_INCLUDE_IN_FRAMEWORK_HEADER = YES;
				CLANG_WARN_RANGE_LOOP_ANALYSIS = YES;
				CLANG_WARN_STRICT_PROTOTYPES = YES;
				CLANG_WARN_SUSPICIOUS_MOVE = YES;
				CLANG_WARN_UNGUARDED_AVAILABILITY = YES_AGGRESSIVE;
				CLANG_WARN_UNREACHABLE_CODE = YES;
				CLANG_WARN__DUPLICATE_METHOD_MATCH = YES;
				COPY_PHASE_STRIP = NO;
				DEBUG_INFORMATION_FORMAT = "dwarf-with-dsym";
				ENABLE_NS_ASSERTIONS = NO;
				ENABLE_STRICT_OBJC_MSGSEND = YES;
				GCC_C_LANGUAGE_STANDARD = gnu11;
				GCC_NO_COMMON_BLOCKS = YES;
				GCC_WARN_64_TO_32_BIT_CONVERSION = YES;
				GCC_WARN_ABOUT_RETURN_TYPE = YES_ERROR;
				GCC_WARN_UNDECLARED_SELECTOR = YES;
				GCC_WARN_UNINITIALIZED_AUTOS = YES_AGGRESSIVE;
				GCC_WARN_UNUSED_FUNCTION = YES;
				GCC_WARN_UNUSED_VARIABLE = YES;
				IPHONEOS_DEPLOYMENT_TARGET = 15.0;
				MTL_ENABLE_DEBUG_INFO = NO;
				MTL_FAST_MATH = YES;
				SDKROOT = iphoneos;
				SWIFT_COMPILATION_MODE = wholemodule;
				SWIFT_OPTIMIZATION_LEVEL = "-O";
				VALIDATE_PRODUCT = YES;
			};
			name = Release;
		};
		7A0F32A6271DD70100A789FA /* Debug */ = {
			isa = XCBuildConfiguration;
			buildSettings = {
				ASSETCATALOG_COMPILER_APPICON_NAME = AppIcon;
				ASSETCATALOG_COMPILER_GLOBAL_ACCENT_COLOR_NAME = AccentColor;
				ASSETCATALOG_COMPILER_INCLUDE_ALL_APPICON_ASSETS = YES;
				CODE_SIGN_STYLE = Automatic;
				CURRENT_PROJECT_VERSION = 1;
				DEVELOPMENT_TEAM = 7KN966P9LP;
				GENERATE_INFOPLIST_FILE = YES;
				INFOPLIST_FILE = Steganographer/Info.plist;
				INFOPLIST_KEY_UIApplicationSupportsIndirectInputEvents = YES;
				INFOPLIST_KEY_UILaunchStoryboardName = LaunchScreen;
				INFOPLIST_KEY_UISupportedInterfaceOrientations = UIInterfaceOrientationPortrait;
				INFOPLIST_KEY_UISupportedInterfaceOrientations_iPad = "UIInterfaceOrientationPortrait UIInterfaceOrientationPortraitUpsideDown UIInterfaceOrientationLandscapeLeft UIInterfaceOrientationLandscapeRight";
				INFOPLIST_KEY_UISupportedInterfaceOrientations_iPhone = "UIInterfaceOrientationPortrait UIInterfaceOrientationLandscapeLeft UIInterfaceOrientationLandscapeRight";
				IPHONEOS_DEPLOYMENT_TARGET = 15.0;
				LD_RUNPATH_SEARCH_PATHS = (
					"$(inherited)",
					"@executable_path/Frameworks",
				);
				MARKETING_VERSION = 1.0;
				PRODUCT_BUNDLE_IDENTIFIER = com.lswarss.Steganographer;
				PRODUCT_NAME = "$(TARGET_NAME)";
				SWIFT_EMIT_LOC_STRINGS = YES;
				SWIFT_VERSION = 5.0;
				TARGETED_DEVICE_FAMILY = "1,2";
			};
			name = Debug;
		};
		7A0F32A7271DD70100A789FA /* Release */ = {
			isa = XCBuildConfiguration;
			buildSettings = {
				ASSETCATALOG_COMPILER_APPICON_NAME = AppIcon;
				ASSETCATALOG_COMPILER_GLOBAL_ACCENT_COLOR_NAME = AccentColor;
				ASSETCATALOG_COMPILER_INCLUDE_ALL_APPICON_ASSETS = YES;
				CODE_SIGN_STYLE = Automatic;
				CURRENT_PROJECT_VERSION = 1;
				DEVELOPMENT_TEAM = 7KN966P9LP;
				GENERATE_INFOPLIST_FILE = YES;
				INFOPLIST_FILE = Steganographer/Info.plist;
				INFOPLIST_KEY_UIApplicationSupportsIndirectInputEvents = YES;
				INFOPLIST_KEY_UILaunchStoryboardName = LaunchScreen;
				INFOPLIST_KEY_UISupportedInterfaceOrientations = UIInterfaceOrientationPortrait;
				INFOPLIST_KEY_UISupportedInterfaceOrientations_iPad = "UIInterfaceOrientationPortrait UIInterfaceOrientationPortraitUpsideDown UIInterfaceOrientationLandscapeLeft UIInterfaceOrientationLandscapeRight";
				INFOPLIST_KEY_UISupportedInterfaceOrientations_iPhone = "UIInterfaceOrientationPortrait UIInterfaceOrientationLandscapeLeft UIInterfaceOrientationLandscapeRight";
				IPHONEOS_DEPLOYMENT_TARGET = 15.0;
				LD_RUNPATH_SEARCH_PATHS = (
					"$(inherited)",
					"@executable_path/Frameworks",
				);
				MARKETING_VERSION = 1.0;
				PRODUCT_BUNDLE_IDENTIFIER = com.lswarss.Steganographer;
				PRODUCT_NAME = "$(TARGET_NAME)";
				SWIFT_EMIT_LOC_STRINGS = YES;
				SWIFT_VERSION = 5.0;
				TARGETED_DEVICE_FAMILY = "1,2";
			};
			name = Release;
		};
/* End XCBuildConfiguration section */

/* Begin XCConfigurationList section */
		7A0F328C271DD70000A789FA /* Build configuration list for PBXProject "Steganographer" */ = {
			isa = XCConfigurationList;
			buildConfigurations = (
				7A0F32A3271DD70100A789FA /* Debug */,
				7A0F32A4271DD70100A789FA /* Release */,
			);
			defaultConfigurationIsVisible = 0;
			defaultConfigurationName = Release;
		};
		7A0F32A5271DD70100A789FA /* Build configuration list for PBXNativeTarget "Steganographer" */ = {
			isa = XCConfigurationList;
			buildConfigurations = (
				7A0F32A6271DD70100A789FA /* Debug */,
				7A0F32A7271DD70100A789FA /* Release */,
			);
			defaultConfigurationIsVisible = 0;
			defaultConfigurationName = Release;
		};
/* End XCConfigurationList section */

/* Begin XCRemoteSwiftPackageReference section */
		7A6AF54D27304FC20061E3E4 /* XCRemoteSwiftPackageReference "DisguisedSwiftly" */ = {
			isa = XCRemoteSwiftPackageReference;
			repositoryURL = "https://github.com/LSWarss/DisguisedSwiftly";
			requirement = {
				branch = main;
				kind = branch;
			};
		};
		7AD3630827627896008E2F8A /* XCRemoteSwiftPackageReference "IteoLogger" */ = {
			isa = XCRemoteSwiftPackageReference;
			repositoryURL = "https://github.com/psredzinski/IteoLogger";
			requirement = {
				kind = upToNextMajorVersion;
				minimumVersion = 1.0.0;
			};
		};
/* End XCRemoteSwiftPackageReference section */

/* Begin XCSwiftPackageProductDependency section */
		7A6AF54E27304FC20061E3E4 /* DisguisedSwiftly */ = {
			isa = XCSwiftPackageProductDependency;
			package = 7A6AF54D27304FC20061E3E4 /* XCRemoteSwiftPackageReference "DisguisedSwiftly" */;
			productName = DisguisedSwiftly;
		};
		7AD3630927627896008E2F8A /* IteoLogger */ = {
			isa = XCSwiftPackageProductDependency;
			package = 7AD3630827627896008E2F8A /* XCRemoteSwiftPackageReference "IteoLogger" */;
			productName = IteoLogger;
		};
/* End XCSwiftPackageProductDependency section */
	};
	rootObject = 7A0F3289271DD70000A789FA /* Project object */;
}
