// !$*UTF8*$!
{
	archiveVersion = 1;
	classes = {
	};
	objectVersion = 54;
	objects = {

/* Begin PBXBuildFile section */
		7A0F3295271DD70000A789FA /* AppDelegate.swift in Sources */ = {isa = PBXBuildFile; fileRef = 7A0F3294271DD70000A789FA /* AppDelegate.swift */; };
		7A0F3297271DD70000A789FA /* SceneDelegate.swift in Sources */ = {isa = PBXBuildFile; fileRef = 7A0F3296271DD70000A789FA /* SceneDelegate.swift */; };
		7A0F329E271DD70100A789FA /* Assets.xcassets in Resources */ = {isa = PBXBuildFile; fileRef = 7A0F329D271DD70100A789FA /* Assets.xcassets */; };
		7A0F32A1271DD70100A789FA /* LaunchScreen.storyboard in Resources */ = {isa = PBXBuildFile; fileRef = 7A0F329F271DD70100A789FA /* LaunchScreen.storyboard */; };
		7A0F32A9271DF0A100A789FA /* RoundedButton.swift in Sources */ = {isa = PBXBuildFile; fileRef = 7A0F32A8271DF0A100A789FA /* RoundedButton.swift */; };
		7A6AF54F27304FC20061E3E4 /* DisguisedSwiftly in Frameworks */ = {isa = PBXBuildFile; productRef = 7A6AF54E27304FC20061E3E4 /* DisguisedSwiftly */; };
		7A6AF552273118E40061E3E4 /* UIView.swift in Sources */ = {isa = PBXBuildFile; fileRef = 7A6AF551273118E40061E3E4 /* UIView.swift */; };
		7A6AF5852734548E0061E3E4 /* SteganographyViewController.swift in Sources */ = {isa = PBXBuildFile; fileRef = 7A6AF5842734548E0061E3E4 /* SteganographyViewController.swift */; };
		7A6AF5872734549E0061E3E4 /* SteganographyInteractor.swift in Sources */ = {isa = PBXBuildFile; fileRef = 7A6AF5862734549E0061E3E4 /* SteganographyInteractor.swift */; };
		7A6AF589273454AC0061E3E4 /* SteganographyPresenter.swift in Sources */ = {isa = PBXBuildFile; fileRef = 7A6AF588273454AC0061E3E4 /* SteganographyPresenter.swift */; };
		7A6AF58D273454C00061E3E4 /* SteganographyRouter.swift in Sources */ = {isa = PBXBuildFile; fileRef = 7A6AF58C273454C00061E3E4 /* SteganographyRouter.swift */; };
		7A6E164F2737CF92004B374D /* UIViewController.swift in Sources */ = {isa = PBXBuildFile; fileRef = 7A6E164E2737CF92004B374D /* UIViewController.swift */; };
/* End PBXBuildFile section */

/* Begin PBXFileReference section */
		7A0F3291271DD70000A789FA /* Steganographer.app */ = {isa = PBXFileReference; explicitFileType = wrapper.application; includeInIndex = 0; path = Steganographer.app; sourceTree = BUILT_PRODUCTS_DIR; };
		7A0F3294271DD70000A789FA /* AppDelegate.swift */ = {isa = PBXFileReference; lastKnownFileType = sourcecode.swift; path = AppDelegate.swift; sourceTree = "<group>"; };
		7A0F3296271DD70000A789FA /* SceneDelegate.swift */ = {isa = PBXFileReference; lastKnownFileType = sourcecode.swift; path = SceneDelegate.swift; sourceTree = "<group>"; };
		7A0F329D271DD70100A789FA /* Assets.xcassets */ = {isa = PBXFileReference; lastKnownFileType = folder.assetcatalog; path = Assets.xcassets; sourceTree = "<group>"; };
		7A0F32A0271DD70100A789FA /* Base */ = {isa = PBXFileReference; lastKnownFileType = file.storyboard; name = Base; path = Base.lproj/LaunchScreen.storyboard; sourceTree = "<group>"; };
		7A0F32A2271DD70100A789FA /* Info.plist */ = {isa = PBXFileReference; lastKnownFileType = text.plist.xml; path = Info.plist; sourceTree = "<group>"; };
		7A0F32A8271DF0A100A789FA /* RoundedButton.swift */ = {isa = PBXFileReference; lastKnownFileType = sourcecode.swift; path = RoundedButton.swift; sourceTree = "<group>"; };
		7A6AF551273118E40061E3E4 /* UIView.swift */ = {isa = PBXFileReference; lastKnownFileType = sourcecode.swift; path = UIView.swift; sourceTree = "<group>"; };
		7A6AF5842734548E0061E3E4 /* SteganographyViewController.swift */ = {isa = PBXFileReference; lastKnownFileType = sourcecode.swift; path = SteganographyViewController.swift; sourceTree = "<group>"; };
		7A6AF5862734549E0061E3E4 /* SteganographyInteractor.swift */ = {isa = PBXFileReference; lastKnownFileType = sourcecode.swift; path = SteganographyInteractor.swift; sourceTree = "<group>"; };
		7A6AF588273454AC0061E3E4 /* SteganographyPresenter.swift */ = {isa = PBXFileReference; lastKnownFileType = sourcecode.swift; path = SteganographyPresenter.swift; sourceTree = "<group>"; };
		7A6AF58C273454C00061E3E4 /* SteganographyRouter.swift */ = {isa = PBXFileReference; lastKnownFileType = sourcecode.swift; path = SteganographyRouter.swift; sourceTree = "<group>"; };
		7A6E164E2737CF92004B374D /* UIViewController.swift */ = {isa = PBXFileReference; lastKnownFileType = sourcecode.swift; path = UIViewController.swift; sourceTree = "<group>"; };
/* End PBXFileReference section */

/* Begin PBXFrameworksBuildPhase section */
		7A0F328E271DD70000A789FA /* Frameworks */ = {
			isa = PBXFrameworksBuildPhase;
			buildActionMask = 2147483647;
			files = (
				7A6AF54F27304FC20061E3E4 /* DisguisedSwiftly in Frameworks */,
			);
			runOnlyForDeploymentPostprocessing = 0;
		};
/* End PBXFrameworksBuildPhase section */

/* Begin PBXGroup section */
		7A0F3288271DD70000A789FA = {
			isa = PBXGroup;
			children = (
				7A0F3293271DD70000A789FA /* Steganographer */,
				7A0F3292271DD70000A789FA /* Products */,
			);
			sourceTree = "<group>";
		};
		7A0F3292271DD70000A789FA /* Products */ = {
			isa = PBXGroup;
			children = (
				7A0F3291271DD70000A789FA /* Steganographer.app */,
			);
			name = Products;
			sourceTree = "<group>";
		};
		7A0F3293271DD70000A789FA /* Steganographer */ = {
			isa = PBXGroup;
			children = (
				7A6AF582273454470061E3E4 /* Modules */,
				7A6AF550273118D00061E3E4 /* Extensions */,
				7AF3044227280ADE005A5F09 /* Components */,
				7A0F3294271DD70000A789FA /* AppDelegate.swift */,
				7A0F3296271DD70000A789FA /* SceneDelegate.swift */,
				7A0F329D271DD70100A789FA /* Assets.xcassets */,
				7A0F329F271DD70100A789FA /* LaunchScreen.storyboard */,
				7A0F32A2271DD70100A789FA /* Info.plist */,
			);
			path = Steganographer;
			sourceTree = "<group>";
		};
		7A6AF550273118D00061E3E4 /* Extensions */ = {
			isa = PBXGroup;
			children = (
				7A6AF551273118E40061E3E4 /* UIView.swift */,
				7A6E164E2737CF92004B374D /* UIViewController.swift */,
			);
			path = Extensions;
			sourceTree = "<group>";
		};
		7A6AF582273454470061E3E4 /* Modules */ = {
			isa = PBXGroup;
			children = (
				7A6AF5832734544E0061E3E4 /* Steganography */,
			);
			path = Modules;
			sourceTree = "<group>";
		};
		7A6AF5832734544E0061E3E4 /* Steganography */ = {
			isa = PBXGroup;
			children = (
				7A6AF5842734548E0061E3E4 /* SteganographyViewController.swift */,
				7A6AF5862734549E0061E3E4 /* SteganographyInteractor.swift */,
				7A6AF588273454AC0061E3E4 /* SteganographyPresenter.swift */,
				7A6AF58C273454C00061E3E4 /* SteganographyRouter.swift */,
			);
			path = Steganography;
			sourceTree = "<group>";
		};
		7AF3044227280ADE005A5F09 /* Components */ = {
			isa = PBXGroup;
			children = (
				7AF3044E272A7434005A5F09 /* Views */,
			);
			path = Components;
			sourceTree = "<group>";
		};
		7AF3044E272A7434005A5F09 /* Views */ = {
			isa = PBXGroup;
			children = (
				7AF3044F272A743F005A5F09 /* Buttons */,
			);
			path = Views;
			sourceTree = "<group>";
		};
		7AF3044F272A743F005A5F09 /* Buttons */ = {
			isa = PBXGroup;
			children = (
				7A0F32A8271DF0A100A789FA /* RoundedButton.swift */,
			);
			path = Buttons;
			sourceTree = "<group>";
		};
/* End PBXGroup section */

/* Begin PBXNativeTarget section */
		7A0F3290271DD70000A789FA /* Steganographer */ = {
			isa = PBXNativeTarget;
			buildConfigurationList = 7A0F32A5271DD70100A789FA /* Build configuration list for PBXNativeTarget "Steganographer" */;
			buildPhases = (
				7A0F328D271DD70000A789FA /* Sources */,
				7A0F328E271DD70000A789FA /* Frameworks */,
				7A0F328F271DD70000A789FA /* Resources */,
				7AF3044327280C97005A5F09 /* Run Swiftlint */,
			);
			buildRules = (
			);
			dependencies = (
			);
			name = Steganographer;
			packageProductDependencies = (
				7A6AF54E27304FC20061E3E4 /* DisguisedSwiftly */,
			);
			productName = Steganographer;
			productReference = 7A0F3291271DD70000A789FA /* Steganographer.app */;
			productType = "com.apple.product-type.application";
		};
/* End PBXNativeTarget section */

/* Begin PBXProject section */
		7A0F3289271DD70000A789FA /* Project object */ = {
			isa = PBXProject;
			attributes = {
				BuildIndependentTargetsInParallel = 1;
				LastSwiftUpdateCheck = 1300;
				LastUpgradeCheck = 1300;
				TargetAttributes = {
					7A0F3290271DD70000A789FA = {
						CreatedOnToolsVersion = 13.0;
					};
				};
			};
			buildConfigurationList = 7A0F328C271DD70000A789FA /* Build configuration list for PBXProject "Steganographer" */;
			compatibilityVersion = "Xcode 12.0";
			developmentRegion = en;
			hasScannedForEncodings = 0;
			knownRegions = (
				en,
				Base,
			);
			mainGroup = 7A0F3288271DD70000A789FA;
			packageReferences = (
				7A6AF54D27304FC20061E3E4 /* XCRemoteSwiftPackageReference "DisguisedSwiftly" */,
			);
			productRefGroup = 7A0F3292271DD70000A789FA /* Products */;
			projectDirPath = "";
			projectRoot = "";
			targets = (
				7A0F3290271DD70000A789FA /* Steganographer */,
			);
		};
/* End PBXProject section */

/* Begin PBXResourcesBuildPhase section */
		7A0F328F271DD70000A789FA /* Resources */ = {
			isa = PBXResourcesBuildPhase;
			buildActionMask = 2147483647;
			files = (
				7A0F32A1271DD70100A789FA /* LaunchScreen.storyboard in Resources */,
				7A0F329E271DD70100A789FA /* Assets.xcassets in Resources */,
			);
			runOnlyForDeploymentPostprocessing = 0;
		};
/* End PBXResourcesBuildPhase section */

/* Begin PBXShellScriptBuildPhase section */
		7AF3044327280C97005A5F09 /* Run Swiftlint */ = {
			isa = PBXShellScriptBuildPhase;
			buildActionMask = 2147483647;
			files = (
			);
			inputFileListPaths = (
			);
			inputPaths = (
			);
			name = "Run Swiftlint";
			outputFileListPaths = (
			);
			outputPaths = (
			);
			runOnlyForDeploymentPostprocessing = 0;
			shellPath = /bin/sh;
			shellScript = "if test -d \"/opt/homebrew/bin/\"; then\n  PATH=\"/opt/homebrew/bin/:${PATH}\"\nfi\n\nexport PATH\n\nif which swiftlint >/dev/null; then\n  swiftlint autocorrect && swiftlint\nelse\n  echo \"warning: SwiftLint not installed, download from https://github.com/realm/SwiftLint\"\nfi\n";
		};
/* End PBXShellScriptBuildPhase section */

/* Begin PBXSourcesBuildPhase section */
		7A0F328D271DD70000A789FA /* Sources */ = {
			isa = PBXSourcesBuildPhase;
			buildActionMask = 2147483647;
			files = (
				7A6AF552273118E40061E3E4 /* UIView.swift in Sources */,
				7A0F3295271DD70000A789FA /* AppDelegate.swift in Sources */,
				7A6AF58D273454C00061E3E4 /* SteganographyRouter.swift in Sources */,
				7A6E164F2737CF92004B374D /* UIViewController.swift in Sources */,
				7A6AF589273454AC0061E3E4 /* SteganographyPresenter.swift in Sources */,
				7A6AF5872734549E0061E3E4 /* SteganographyInteractor.swift in Sources */,
				7A6AF5852734548E0061E3E4 /* SteganographyViewController.swift in Sources */,
				7A0F3297271DD70000A789FA /* SceneDelegate.swift in Sources */,
				7A0F32A9271DF0A100A789FA /* RoundedButton.swift in Sources */,
			);
			runOnlyForDeploymentPostprocessing = 0;
		};
/* End PBXSourcesBuildPhase section */

/* Begin PBXVariantGroup section */
		7A0F329F271DD70100A789FA /* LaunchScreen.storyboard */ = {
			isa = PBXVariantGroup;
			children = (
				7A0F32A0271DD70100A789FA /* Base */,
			);
			name = LaunchScreen.storyboard;
			sourceTree = "<group>";
		};
/* End PBXVariantGroup section */

/* Begin XCBuildConfiguration section */
		7A0F32A3271DD70100A789FA /* Debug */ = {
			isa = XCBuildConfiguration;
			buildSettings = {
				ALWAYS_SEARCH_USER_PATHS = NO;
				CLANG_ANALYZER_LOCALIZABILITY_NONLOCALIZED = YES;
				CLANG_ANALYZER_NONNULL = YES;
				CLANG_ANALYZER_NUMBER_OBJECT_CONVERSION = YES_AGGRESSIVE;
				CLANG_CXX_LANGUAGE_STANDARD = "gnu++17";
				CLANG_CXX_LIBRARY = "libc++";
				CLANG_ENABLE_MODULES = YES;
				CLANG_ENABLE_OBJC_ARC = YES;
				CLANG_ENABLE_OBJC_WEAK = YES;
				CLANG_WARN_BLOCK_CAPTURE_AUTORELEASING = YES;
				CLANG_WARN_BOOL_CONVERSION = YES;
				CLANG_WARN_COMMA = YES;
				CLANG_WARN_CONSTANT_CONVERSION = YES;
				CLANG_WARN_DEPRECATED_OBJC_IMPLEMENTATIONS = YES;
				CLANG_WARN_DIRECT_OBJC_ISA_USAGE = YES_ERROR;
				CLANG_WARN_DOCUMENTATION_COMMENTS = YES;
				CLANG_WARN_EMPTY_BODY = YES;
				CLANG_WARN_ENUM_CONVERSION = YES;
				CLANG_WARN_INFINITE_RECURSION = YES;
				CLANG_WARN_INT_CONVERSION = YES;
				CLANG_WARN_NON_LITERAL_NULL_CONVERSION = YES;
				CLANG_WARN_OBJC_IMPLICIT_RETAIN_SELF = YES;
				CLANG_WARN_OBJC_LITERAL_CONVERSION = YES;
				CLANG_WARN_OBJC_ROOT_CLASS = YES_ERROR;
				CLANG_WARN_QUOTED_INCLUDE_IN_FRAMEWORK_HEADER = YES;
				CLANG_WARN_RANGE_LOOP_ANALYSIS = YES;
				CLANG_WARN_STRICT_PROTOTYPES = YES;
				CLANG_WARN_SUSPICIOUS_MOVE = YES;
				CLANG_WARN_UNGUARDED_AVAILABILITY = YES_AGGRESSIVE;
				CLANG_WARN_UNREACHABLE_CODE = YES;
				CLANG_WARN__DUPLICATE_METHOD_MATCH = YES;
				COPY_PHASE_STRIP = NO;
				DEBUG_INFORMATION_FORMAT = dwarf;
				ENABLE_STRICT_OBJC_MSGSEND = YES;
				ENABLE_TESTABILITY = YES;
				GCC_C_LANGUAGE_STANDARD = gnu11;
				GCC_DYNAMIC_NO_PIC = NO;
				GCC_NO_COMMON_BLOCKS = YES;
				GCC_OPTIMIZATION_LEVEL = 0;
				GCC_PREPROCESSOR_DEFINITIONS = (
					"DEBUG=1",
					"$(inherited)",
				);
				GCC_WARN_64_TO_32_BIT_CONVERSION = YES;
				GCC_WARN_ABOUT_RETURN_TYPE = YES_ERROR;
				GCC_WARN_UNDECLARED_SELECTOR = YES;
				GCC_WARN_UNINITIALIZED_AUTOS = YES_AGGRESSIVE;
				GCC_WARN_UNUSED_FUNCTION = YES;
				GCC_WARN_UNUSED_VARIABLE = YES;
				IPHONEOS_DEPLOYMENT_TARGET = 13.0;
				MTL_ENABLE_DEBUG_INFO = INCLUDE_SOURCE;
				MTL_FAST_MATH = YES;
				ONLY_ACTIVE_ARCH = YES;
				SDKROOT = iphoneos;
				SWIFT_ACTIVE_COMPILATION_CONDITIONS = DEBUG;
				SWIFT_OPTIMIZATION_LEVEL = "-Onone";
			};
			name = Debug;
		};
		7A0F32A4271DD70100A789FA /* Release */ = {
			isa = XCBuildConfiguration;
			buildSettings = {
				ALWAYS_SEARCH_USER_PATHS = NO;
				CLANG_ANALYZER_LOCALIZABILITY_NONLOCALIZED = YES;
				CLANG_ANALYZER_NONNULL = YES;
				CLANG_ANALYZER_NUMBER_OBJECT_CONVERSION = YES_AGGRESSIVE;
				CLANG_CXX_LANGUAGE_STANDARD = "gnu++17";
				CLANG_CXX_LIBRARY = "libc++";
				CLANG_ENABLE_MODULES = YES;
				CLANG_ENABLE_OBJC_ARC = YES;
				CLANG_ENABLE_OBJC_WEAK = YES;
				CLANG_WARN_BLOCK_CAPTURE_AUTORELEASING = YES;
				CLANG_WARN_BOOL_CONVERSION = YES;
				CLANG_WARN_COMMA = YES;
				CLANG_WARN_CONSTANT_CONVERSION = YES;
				CLANG_WARN_DEPRECATED_OBJC_IMPLEMENTATIONS = YES;
				CLANG_WARN_DIRECT_OBJC_ISA_USAGE = YES_ERROR;
				CLANG_WARN_DOCUMENTATION_COMMENTS = YES;
				CLANG_WARN_EMPTY_BODY = YES;
				CLANG_WARN_ENUM_CONVERSION = YES;
				CLANG_WARN_INFINITE_RECURSION = YES;
				CLANG_WARN_INT_CONVERSION = YES;
				CLANG_WARN_NON_LITERAL_NULL_CONVERSION = YES;
				CLANG_WARN_OBJC_IMPLICIT_RETAIN_SELF = YES;
				CLANG_WARN_OBJC_LITERAL_CONVERSION = YES;
				CLANG_WARN_OBJC_ROOT_CLASS = YES_ERROR;
				CLANG_WARN_QUOTED_INCLUDE_IN_FRAMEWORK_HEADER = YES;
				CLANG_WARN_RANGE_LOOP_ANALYSIS = YES;
				CLANG_WARN_STRICT_PROTOTYPES = YES;
				CLANG_WARN_SUSPICIOUS_MOVE = YES;
				CLANG_WARN_UNGUARDED_AVAILABILITY = YES_AGGRESSIVE;
				CLANG_WARN_UNREACHABLE_CODE = YES;
				CLANG_WARN__DUPLICATE_METHOD_MATCH = YES;
				COPY_PHASE_STRIP = NO;
				DEBUG_INFORMATION_FORMAT = "dwarf-with-dsym";
				ENABLE_NS_ASSERTIONS = NO;
				ENABLE_STRICT_OBJC_MSGSEND = YES;
				GCC_C_LANGUAGE_STANDARD = gnu11;
				GCC_NO_COMMON_BLOCKS = YES;
				GCC_WARN_64_TO_32_BIT_CONVERSION = YES;
				GCC_WARN_ABOUT_RETURN_TYPE = YES_ERROR;
				GCC_WARN_UNDECLARED_SELECTOR = YES;
				GCC_WARN_UNINITIALIZED_AUTOS = YES_AGGRESSIVE;
				GCC_WARN_UNUSED_FUNCTION = YES;
				GCC_WARN_UNUSED_VARIABLE = YES;
				IPHONEOS_DEPLOYMENT_TARGET = 13.0;
				MTL_ENABLE_DEBUG_INFO = NO;
				MTL_FAST_MATH = YES;
				SDKROOT = iphoneos;
				SWIFT_COMPILATION_MODE = wholemodule;
				SWIFT_OPTIMIZATION_LEVEL = "-O";
				VALIDATE_PRODUCT = YES;
			};
			name = Release;
		};
		7A0F32A6271DD70100A789FA /* Debug */ = {
			isa = XCBuildConfiguration;
			buildSettings = {
				ASSETCATALOG_COMPILER_APPICON_NAME = AppIcon;
				ASSETCATALOG_COMPILER_GLOBAL_ACCENT_COLOR_NAME = AccentColor;
				CODE_SIGN_STYLE = Automatic;
				CURRENT_PROJECT_VERSION = 1;
				DEVELOPMENT_TEAM = 7KN966P9LP;
				GENERATE_INFOPLIST_FILE = YES;
				INFOPLIST_FILE = Steganographer/Info.plist;
				INFOPLIST_KEY_UIApplicationSupportsIndirectInputEvents = YES;
				INFOPLIST_KEY_UILaunchStoryboardName = LaunchScreen;
				INFOPLIST_KEY_UISupportedInterfaceOrientations = UIInterfaceOrientationPortrait;
				INFOPLIST_KEY_UISupportedInterfaceOrientations_iPad = "UIInterfaceOrientationPortrait UIInterfaceOrientationPortraitUpsideDown UIInterfaceOrientationLandscapeLeft UIInterfaceOrientationLandscapeRight";
				INFOPLIST_KEY_UISupportedInterfaceOrientations_iPhone = "UIInterfaceOrientationPortrait UIInterfaceOrientationLandscapeLeft UIInterfaceOrientationLandscapeRight";
				IPHONEOS_DEPLOYMENT_TARGET = 14.0;
				LD_RUNPATH_SEARCH_PATHS = (
					"$(inherited)",
					"@executable_path/Frameworks",
				);
				MARKETING_VERSION = 1.0;
				PRODUCT_BUNDLE_IDENTIFIER = com.lswarss.Steganographer;
				PRODUCT_NAME = "$(TARGET_NAME)";
				SWIFT_EMIT_LOC_STRINGS = YES;
				SWIFT_VERSION = 5.0;
				TARGETED_DEVICE_FAMILY = 1;
			};
			name = Debug;
		};
		7A0F32A7271DD70100A789FA /* Release */ = {
			isa = XCBuildConfiguration;
			buildSettings = {
				ASSETCATALOG_COMPILER_APPICON_NAME = AppIcon;
				ASSETCATALOG_COMPILER_GLOBAL_ACCENT_COLOR_NAME = AccentColor;
				CODE_SIGN_STYLE = Automatic;
				CURRENT_PROJECT_VERSION = 1;
				DEVELOPMENT_TEAM = 7KN966P9LP;
				GENERATE_INFOPLIST_FILE = YES;
				INFOPLIST_FILE = Steganographer/Info.plist;
				INFOPLIST_KEY_UIApplicationSupportsIndirectInputEvents = YES;
				INFOPLIST_KEY_UILaunchStoryboardName = LaunchScreen;
				INFOPLIST_KEY_UISupportedInterfaceOrientations = UIInterfaceOrientationPortrait;
				INFOPLIST_KEY_UISupportedInterfaceOrientations_iPad = "UIInterfaceOrientationPortrait UIInterfaceOrientationPortraitUpsideDown UIInterfaceOrientationLandscapeLeft UIInterfaceOrientationLandscapeRight";
				INFOPLIST_KEY_UISupportedInterfaceOrientations_iPhone = "UIInterfaceOrientationPortrait UIInterfaceOrientationLandscapeLeft UIInterfaceOrientationLandscapeRight";
				IPHONEOS_DEPLOYMENT_TARGET = 14.0;
				LD_RUNPATH_SEARCH_PATHS = (
					"$(inherited)",
					"@executable_path/Frameworks",
				);
				MARKETING_VERSION = 1.0;
				PRODUCT_BUNDLE_IDENTIFIER = com.lswarss.Steganographer;
				PRODUCT_NAME = "$(TARGET_NAME)";
				SWIFT_EMIT_LOC_STRINGS = YES;
				SWIFT_VERSION = 5.0;
				TARGETED_DEVICE_FAMILY = 1;
			};
			name = Release;
		};
/* End XCBuildConfiguration section */

/* Begin XCConfigurationList section */
		7A0F328C271DD70000A789FA /* Build configuration list for PBXProject "Steganographer" */ = {
			isa = XCConfigurationList;
			buildConfigurations = (
				7A0F32A3271DD70100A789FA /* Debug */,
				7A0F32A4271DD70100A789FA /* Release */,
			);
			defaultConfigurationIsVisible = 0;
			defaultConfigurationName = Release;
		};
		7A0F32A5271DD70100A789FA /* Build configuration list for PBXNativeTarget "Steganographer" */ = {
			isa = XCConfigurationList;
			buildConfigurations = (
				7A0F32A6271DD70100A789FA /* Debug */,
				7A0F32A7271DD70100A789FA /* Release */,
			);
			defaultConfigurationIsVisible = 0;
			defaultConfigurationName = Release;
		};
/* End XCConfigurationList section */

/* Begin XCRemoteSwiftPackageReference section */
		7A6AF54D27304FC20061E3E4 /* XCRemoteSwiftPackageReference "DisguisedSwiftly" */ = {
			isa = XCRemoteSwiftPackageReference;
			repositoryURL = "https://github.com/LSWarss/DisguisedSwiftly";
			requirement = {
				branch = main;
				kind = branch;
			};
		};
/* End XCRemoteSwiftPackageReference section */

/* Begin XCSwiftPackageProductDependency section */
		7A6AF54E27304FC20061E3E4 /* DisguisedSwiftly */ = {
			isa = XCSwiftPackageProductDependency;
			package = 7A6AF54D27304FC20061E3E4 /* XCRemoteSwiftPackageReference "DisguisedSwiftly" */;
			productName = DisguisedSwiftly;
		};
/* End XCSwiftPackageProductDependency section */
	};
	rootObject = 7A0F3289271DD70000A789FA /* Project object */;
}
