{
  "object": {
    "pins": [
      {
        "package": "DisguisedSwiftly",
        "repositoryURL": "https://github.com/LSWarss/DisguisedSwiftly",
        "state": {
          "branch": "main",
          "revision": "06e1d3251d747e47890c73602ded40e0b309b515",
          "version": null
        }
      }
    ]
  },
  "version": 1
}
