{
  "object": {
    "pins": [
      {
        "package": "DisguisedSwiftly",
        "repositoryURL": "https://github.com/LSWarss/DisguisedSwiftly",
        "state": {
          "branch": "main",
          "revision": "49bb6191098414f1544ddfd14c57ecd654c59d08",
          "version": null
        }
      }
    ]
  },
  "version": 1
}
