{
  "object": {
    "pins": [
      {
        "package": "DisguisedSwiftly",
        "repositoryURL": "https://github.com/LSWarss/DisguisedSwiftly",
        "state": {
          "branch": "main",
          "revision": "e59f8164a054194df6a5898962ea5e5234589384",
          "version": null
        }
      }
    ]
  },
  "version": 1
}
